# THIS IS AN AUTOGENERATED FILE. DO NOT EDIT THIS FILE DIRECTLY.
# yarn lockfile v1


"@types/es6-promise@^0.0.32":
  version "0.0.32"
  resolved "https://registry.yarnpkg.com/@types/es6-promise/-/es6-promise-0.0.32.tgz#3bcf44fb1e429f3df76188c8c6d874463ba371fd"

"@types/node@^6.0.69":
  version "6.0.79"
  resolved "https://registry.yarnpkg.com/@types/node/-/node-6.0.79.tgz#5efe7d4a6d8c453c7e9eaf55d931f4a22fac5169"

bootstrap@>=3.3.7:
  version "3.3.7"
  resolved "https://registry.yarnpkg.com/bootstrap/-/bootstrap-3.3.7.tgz#5a389394549f23330875a3b150656574f8a9eb71"

htmlrapier@>=4.1.0:
  version "8.0.4"
  resolved "https://registry.yarnpkg.com/htmlrapier/-/htmlrapier-8.0.4.tgz#7ab2b4f29143cac558e8931bcc5dfb1b9eaf36fb"
  dependencies:
    "@types/es6-promise" "^0.0.32"
    tslib "^1.6.1"

jquery@^3.2.1:
  version "3.2.1"
  resolved "https://registry.yarnpkg.com/jquery/-/jquery-3.2.1.tgz#5c4d9de652af6cd0a770154a631bba12b015c787"

tslib@^1.6.1:
  version "1.7.1"
  resolved "https://registry.yarnpkg.com/tslib/-/tslib-1.7.1.tgz#bc8004164691923a79fe8378bbeb3da2017538ec"
